
Microsoft Visual Studio Solution File, Format Version 12.00
# Visual Studio Version 17
VisualStudioVersion = 17.2.32526.322
MinimumVisualStudioVersion = 10.0.40219.1
Project("{912969D7-211A-4D11-8A51-4901B8DEB372}") = "fmp-xtc-multipledesktops-lib-mvcs", "fmp-xtc-multipledesktops-lib-mvcs\fmp-xtc-multipledesktops-lib-mvcs.csproj", "{BA6CFF45-A0AA-4452-82EA-6B9EA62B73B9}"
EndProject
Project("{912969D7-211A-4D11-8A51-4901B8DEB372}") = "fmp-xtc-multipledesktops-lib-mvcs_Test", "fmp-xtc-multipledesktops-lib-mvcs_Test\fmp-xtc-multipledesktops-lib-mvcs_Test.csproj", "{C39652E0-CA32-4795-B0EF-38F6EAFFCB88}"
EndProject
Project("{912969D7-211A-4D11-8A51-4901B8DEB372}") = "fmp-xtc-multipledesktops-lib-proto", "fmp-xtc-multipledesktops-lib-proto\fmp-xtc-multipledesktops-lib-proto.csproj", "{ADFF09BF-2DBD-458A-B177-E7B0F1D9D4AF}"
EndProject
Project("{912969D7-211A-4D11-8A51-4901B8DEB372}") = "fmp-xtc-multipledesktops-lib-bridge", "fmp-xtc-multipledesktops-lib-bridge\fmp-xtc-multipledesktops-lib-bridge.csproj", "{5608D376-557A-4CB5-9C44-8E2BEA22D0D1}"
EndProject
Project("{912969D7-211A-4D11-8A51-4901B8DEB372}") = "fmp-xtc-multipledesktops-lib-razor", "fmp-xtc-multipledesktops-lib-razor\fmp-xtc-multipledesktops-lib-razor.csproj", "{A901F7B6-9B0A-4D6E-8AFC-D5084F71B418}"
EndProject
Project("{912969D7-211A-4D11-8A51-4901B8DEB372}") = "fmp-xtc-multipledesktops-service-grpc", "fmp-xtc-multipledesktops-service-grpc\fmp-xtc-multipledesktops-service-grpc.csproj", "{941EF250-2AB0-4906-ABAD-AF90C00B25AF}"
EndProject
Project("{912969D7-211A-4D11-8A51-4901B8DEB372}") = "fmp-xtc-multipledesktops-service-grpc_Test", "fmp-xtc-multipledesktops-service-grpc_Test\fmp-xtc-multipledesktops-service-grpc_Test.csproj", "{507E2C83-7EAE-4675-8C71-0050E876F90E}"
EndProject
Project("{912969D7-211A-4D11-8A51-4901B8DEB372}") = "fmp-xtc-multipledesktops-web-blazor", "fmp-xtc-multipledesktops-web-blazor\fmp-xtc-multipledesktops-web-blazor.csproj", "{4CD19B35-589A-4A05-BCFD-B72A45E01F2E}"
EndProject
Global
	GlobalSection(SolutionConfigurationPlatforms) = preSolution
		Debug|Any CPU = Debug|Any CPU
		Release|Any CPU = Release|Any CPU
	EndGlobalSection
	GlobalSection(ProjectConfigurationPlatforms) = postSolution
                {BA6CFF45-A0AA-4452-82EA-6B9EA62B73B9}.Debug|Any CPU.ActiveCfg = Debug|Any CPU
		{BA6CFF45-A0AA-4452-82EA-6B9EA62B73B9}.Debug|Any CPU.Build.0 = Debug|Any CPU
		{BA6CFF45-A0AA-4452-82EA-6B9EA62B73B9}.Release|Any CPU.ActiveCfg = Release|Any CPU
		{BA6CFF45-A0AA-4452-82EA-6B9EA62B73B9}.Release|Any CPU.Build.0 = Release|Any CPU
		{C39652E0-CA32-4795-B0EF-38F6EAFFCB88}.Debug|Any CPU.ActiveCfg = Debug|Any CPU
		{C39652E0-CA32-4795-B0EF-38F6EAFFCB88}.Debug|Any CPU.Build.0 = Debug|Any CPU
		{C39652E0-CA32-4795-B0EF-38F6EAFFCB88}.Release|Any CPU.ActiveCfg = Release|Any CPU
		{C39652E0-CA32-4795-B0EF-38F6EAFFCB88}.Release|Any CPU.Build.0 = Release|Any CPU
		{ADFF09BF-2DBD-458A-B177-E7B0F1D9D4AF}.Debug|Any CPU.ActiveCfg = Debug|Any CPU
		{ADFF09BF-2DBD-458A-B177-E7B0F1D9D4AF}.Debug|Any CPU.Build.0 = Debug|Any CPU
		{ADFF09BF-2DBD-458A-B177-E7B0F1D9D4AF}.Release|Any CPU.ActiveCfg = Release|Any CPU
		{ADFF09BF-2DBD-458A-B177-E7B0F1D9D4AF}.Release|Any CPU.Build.0 = Release|Any CPU
		{941EF250-2AB0-4906-ABAD-AF90C00B25AF}.Debug|Any CPU.ActiveCfg = Debug|Any CPU
		{941EF250-2AB0-4906-ABAD-AF90C00B25AF}.Debug|Any CPU.Build.0 = Debug|Any CPU
		{941EF250-2AB0-4906-ABAD-AF90C00B25AF}.Release|Any CPU.ActiveCfg = Release|Any CPU
		{941EF250-2AB0-4906-ABAD-AF90C00B25AF}.Release|Any CPU.Build.0 = Release|Any CPU
		{5608D376-557A-4CB5-9C44-8E2BEA22D0D1}.Debug|Any CPU.ActiveCfg = Debug|Any CPU
		{5608D376-557A-4CB5-9C44-8E2BEA22D0D1}.Debug|Any CPU.Build.0 = Debug|Any CPU
		{5608D376-557A-4CB5-9C44-8E2BEA22D0D1}.Release|Any CPU.ActiveCfg = Release|Any CPU
		{5608D376-557A-4CB5-9C44-8E2BEA22D0D1}.Release|Any CPU.Build.0 = Release|Any CPU
		{4CD19B35-589A-4A05-BCFD-B72A45E01F2E}.Debug|Any CPU.ActiveCfg = Debug|Any CPU
		{4CD19B35-589A-4A05-BCFD-B72A45E01F2E}.Debug|Any CPU.Build.0 = Debug|Any CPU
		{4CD19B35-589A-4A05-BCFD-B72A45E01F2E}.Release|Any CPU.ActiveCfg = Release|Any CPU
		{4CD19B35-589A-4A05-BCFD-B72A45E01F2E}.Release|Any CPU.Build.0 = Release|Any CPU
		{A901F7B6-9B0A-4D6E-8AFC-D5084F71B418}.Debug|Any CPU.ActiveCfg = Debug|Any CPU
		{A901F7B6-9B0A-4D6E-8AFC-D5084F71B418}.Debug|Any CPU.Build.0 = Debug|Any CPU
		{A901F7B6-9B0A-4D6E-8AFC-D5084F71B418}.Release|Any CPU.ActiveCfg = Release|Any CPU
		{A901F7B6-9B0A-4D6E-8AFC-D5084F71B418}.Release|Any CPU.Build.0 = Release|Any CPU
		{507E2C83-7EAE-4675-8C71-0050E876F90E}.Debug|Any CPU.ActiveCfg = Debug|Any CPU
		{507E2C83-7EAE-4675-8C71-0050E876F90E}.Debug|Any CPU.Build.0 = Debug|Any CPU
		{507E2C83-7EAE-4675-8C71-0050E876F90E}.Release|Any CPU.ActiveCfg = Release|Any CPU
		{507E2C83-7EAE-4675-8C71-0050E876F90E}.Release|Any CPU.Build.0 = Release|Any CPU
	EndGlobalSection
	GlobalSection(SolutionProperties) = preSolution
		HideSolutionNode = FALSE
	EndGlobalSection
	GlobalSection(ExtensibilityGlobals) = postSolution
		SolutionGuid = {912969D7-211A-4D11-8A51-4901B8DEB372}
	EndGlobalSection
EndGlobal
